
Microsoft Visual Studio Solution File, Format Version 12.00
# Visual Studio Version 17
VisualStudioVersion = 17.11.35327.3
MinimumVisualStudioVersion = 10.0.40219.1
Project("{8BC9CEB8-8B4A-11D0-8D11-00A0C91BC942}") = "HttpRemocon", "HttpRemocon.vcxproj", "{8F26F007-0E8E-4F45-9970-AE47D5DA5C2A}"
	ProjectSection(ProjectDependencies) = postProject
		{55037A54-F0FB-446C-B81F-424C5D0FA3D9} = {55037A54-F0FB-446C-B81F-424C5D0FA3D9}
	EndProjectSection
EndProject
Project("{8BC9CEB8-8B4A-11D0-8D11-00A0C91BC942}") = "LibISDB", "LibISDB\Projects\LibISDB.vcxproj", "{55037A54-F0FB-446C-B81F-424C5D0FA3D9}"
EndProject
Global
	GlobalSection(SolutionConfigurationPlatforms) = preSolution
		Debug|x64 = Debug|x64
		Debug|x86 = Debug|x86
		Release|x64 = Release|x64
		Release|x86 = Release|x86
	EndGlobalSection
	GlobalSection(ProjectConfigurationPlatforms) = postSolution
		{8F26F007-0E8E-4F45-9970-AE47D5DA5C2A}.Debug|x64.ActiveCfg = Debug|x64
		{8F26F007-0E8E-4F45-9970-AE47D5DA5C2A}.Debug|x64.Build.0 = Debug|x64
		{8F26F007-0E8E-4F45-9970-AE47D5DA5C2A}.Debug|x86.ActiveCfg = Debug|Win32
		{8F26F007-0E8E-4F45-9970-AE47D5DA5C2A}.Debug|x86.Build.0 = Debug|Win32
		{8F26F007-0E8E-4F45-9970-AE47D5DA5C2A}.Release|x64.ActiveCfg = Release|x64
		{8F26F007-0E8E-4F45-9970-AE47D5DA5C2A}.Release|x64.Build.0 = Release|x64
		{8F26F007-0E8E-4F45-9970-AE47D5DA5C2A}.Release|x86.ActiveCfg = Release|Win32
		{8F26F007-0E8E-4F45-9970-AE47D5DA5C2A}.Release|x86.Build.0 = Release|Win32
		{55037A54-F0FB-446C-B81F-424C5D0FA3D9}.Debug|x64.ActiveCfg = Debug|x64
		{55037A54-F0FB-446C-B81F-424C5D0FA3D9}.Debug|x64.Build.0 = Debug|x64
		{55037A54-F0FB-446C-B81F-424C5D0FA3D9}.Debug|x86.ActiveCfg = Debug|Win32
		{55037A54-F0FB-446C-B81F-424C5D0FA3D9}.Debug|x86.Build.0 = Debug|Win32
		{55037A54-F0FB-446C-B81F-424C5D0FA3D9}.Release|x64.ActiveCfg = Release|x64
		{55037A54-F0FB-446C-B81F-424C5D0FA3D9}.Release|x64.Build.0 = Release|x64
		{55037A54-F0FB-446C-B81F-424C5D0FA3D9}.Release|x86.ActiveCfg = Release|Win32
		{55037A54-F0FB-446C-B81F-424C5D0FA3D9}.Release|x86.Build.0 = Release|Win32
	EndGlobalSection
	GlobalSection(SolutionProperties) = preSolution
		HideSolutionNode = FALSE
	EndGlobalSection
	GlobalSection(ExtensibilityGlobals) = postSolution
		SolutionGuid = {D822F0EF-8FD7-451E-9742-BFA579DF5BA6}
	EndGlobalSection
EndGlobal
